
Microsoft Visual Studio Solution File, Format Version 12.00
# Visual Studio Version 17
VisualStudioVersion = 17.5.33502.453
MinimumVisualStudioVersion = 10.0.40219.1
Project("{FAE04EC0-301F-11D3-BF4B-00C04F79EFBC}") = "RazorPagesMovie", "RazorPagesMovie.csproj", "{67E586BA-FC3B-4869-959B-EAF23E04CBF7}"
EndProject
Global
	GlobalSection(SolutionConfigurationPlatforms) = preSolution
		Debug|Any CPU = Debug|Any CPU
		Release|Any CPU = Release|Any CPU
	EndGlobalSection
	GlobalSection(ProjectConfigurationPlatforms) = postSolution
		{67E586BA-FC3B-4869-959B-EAF23E04CBF7}.Debug|Any CPU.ActiveCfg = Debug|Any CPU
		{67E586BA-FC3B-4869-959B-EAF23E04CBF7}.Debug|Any CPU.Build.0 = Debug|Any CPU
		{67E586BA-FC3B-4869-959B-EAF23E04CBF7}.Release|Any CPU.ActiveCfg = Release|Any CPU
		{67E586BA-FC3B-4869-959B-EAF23E04CBF7}.Release|Any CPU.Build.0 = Release|Any CPU
	EndGlobalSection
	GlobalSection(SolutionProperties) = preSolution
		HideSolutionNode = FALSE
	EndGlobalSection
	GlobalSection(ExtensibilityGlobals) = postSolution
		SolutionGuid = {C7198A85-84AD-452E-B5FD-0C57B1F81D42}
	EndGlobalSection
EndGlobal
